
Microsoft Visual Studio Solution File, Format Version 12.00
# Visual Studio Version 16
VisualStudioVersion = 16.0.32126.315
MinimumVisualStudioVersion = 10.0.40219.1
Project("{FAE04EC0-301F-11D3-BF4B-00C04F79EFBC}") = "gesture.Android", "gesture\gesture.Android\gesture.Android.csproj", "{4C0F033E-9F71-4CD7-A338-8F7332CCD8F0}"
EndProject
Project("{FAE04EC0-301F-11D3-BF4B-00C04F79EFBC}") = "gesture.iOS", "gesture\gesture.iOS\gesture.iOS.csproj", "{32499808-18B8-4054-BFB5-27DC01B1BDD5}"
EndProject
Project("{FAE04EC0-301F-11D3-BF4B-00C04F79EFBC}") = "gesture", "gesture\gesture\gesture.csproj", "{FCF7C4FC-E078-4C75-9DC0-1CA49A321B8D}"
EndProject
Global
	GlobalSection(SolutionConfigurationPlatforms) = preSolution
		Debug|Any CPU = Debug|Any CPU
		Debug|iPhone = Debug|iPhone
		Debug|iPhoneSimulator = Debug|iPhoneSimulator
		Release|Any CPU = Release|Any CPU
		Release|iPhone = Release|iPhone
		Release|iPhoneSimulator = Release|iPhoneSimulator
	EndGlobalSection
	GlobalSection(ProjectConfigurationPlatforms) = postSolution
		{4C0F033E-9F71-4CD7-A338-8F7332CCD8F0}.Debug|Any CPU.ActiveCfg = Debug|Any CPU
		{4C0F033E-9F71-4CD7-A338-8F7332CCD8F0}.Debug|Any CPU.Build.0 = Debug|Any CPU
		{4C0F033E-9F71-4CD7-A338-8F7332CCD8F0}.Debug|Any CPU.Deploy.0 = Debug|Any CPU
		{4C0F033E-9F71-4CD7-A338-8F7332CCD8F0}.Debug|iPhone.ActiveCfg = Debug|Any CPU
		{4C0F033E-9F71-4CD7-A338-8F7332CCD8F0}.Debug|iPhone.Build.0 = Debug|Any CPU
		{4C0F033E-9F71-4CD7-A338-8F7332CCD8F0}.Debug|iPhone.Deploy.0 = Debug|Any CPU
		{4C0F033E-9F71-4CD7-A338-8F7332CCD8F0}.Debug|iPhoneSimulator.ActiveCfg = Debug|Any CPU
		{4C0F033E-9F71-4CD7-A338-8F7332CCD8F0}.Debug|iPhoneSimulator.Build.0 = Debug|Any CPU
		{4C0F033E-9F71-4CD7-A338-8F7332CCD8F0}.Debug|iPhoneSimulator.Deploy.0 = Debug|Any CPU
		{4C0F033E-9F71-4CD7-A338-8F7332CCD8F0}.Release|Any CPU.ActiveCfg = Release|Any CPU
		{4C0F033E-9F71-4CD7-A338-8F7332CCD8F0}.Release|Any CPU.Build.0 = Release|Any CPU
		{4C0F033E-9F71-4CD7-A338-8F7332CCD8F0}.Release|Any CPU.Deploy.0 = Release|Any CPU
		{4C0F033E-9F71-4CD7-A338-8F7332CCD8F0}.Release|iPhone.ActiveCfg = Release|Any CPU
		{4C0F033E-9F71-4CD7-A338-8F7332CCD8F0}.Release|iPhone.Build.0 = Release|Any CPU
		{4C0F033E-9F71-4CD7-A338-8F7332CCD8F0}.Release|iPhone.Deploy.0 = Release|Any CPU
		{4C0F033E-9F71-4CD7-A338-8F7332CCD8F0}.Release|iPhoneSimulator.ActiveCfg = Release|Any CPU
		{4C0F033E-9F71-4CD7-A338-8F7332CCD8F0}.Release|iPhoneSimulator.Build.0 = Release|Any CPU
		{4C0F033E-9F71-4CD7-A338-8F7332CCD8F0}.Release|iPhoneSimulator.Deploy.0 = Release|Any CPU
		{32499808-18B8-4054-BFB5-27DC01B1BDD5}.Debug|Any CPU.ActiveCfg = Debug|iPhone
		{32499808-18B8-4054-BFB5-27DC01B1BDD5}.Debug|Any CPU.Build.0 = Debug|iPhone
		{32499808-18B8-4054-BFB5-27DC01B1BDD5}.Debug|Any CPU.Deploy.0 = Debug|iPhone
		{32499808-18B8-4054-BFB5-27DC01B1BDD5}.Debug|iPhone.ActiveCfg = Debug|iPhone
		{32499808-18B8-4054-BFB5-27DC01B1BDD5}.Debug|iPhone.Build.0 = Debug|iPhone
		{32499808-18B8-4054-BFB5-27DC01B1BDD5}.Debug|iPhone.Deploy.0 = Debug|iPhone
		{32499808-18B8-4054-BFB5-27DC01B1BDD5}.Debug|iPhoneSimulator.ActiveCfg = Debug|iPhoneSimulator
		{32499808-18B8-4054-BFB5-27DC01B1BDD5}.Debug|iPhoneSimulator.Build.0 = Debug|iPhoneSimulator
		{32499808-18B8-4054-BFB5-27DC01B1BDD5}.Debug|iPhoneSimulator.Deploy.0 = Debug|iPhoneSimulator
		{32499808-18B8-4054-BFB5-27DC01B1BDD5}.Release|Any CPU.ActiveCfg = Release|iPhoneSimulator
		{32499808-18B8-4054-BFB5-27DC01B1BDD5}.Release|Any CPU.Build.0 = Release|iPhoneSimulator
		{32499808-18B8-4054-BFB5-27DC01B1BDD5}.Release|Any CPU.Deploy.0 = Release|iPhoneSimulator
		{32499808-18B8-4054-BFB5-27DC01B1BDD5}.Release|iPhone.ActiveCfg = Release|iPhone
		{32499808-18B8-4054-BFB5-27DC01B1BDD5}.Release|iPhone.Build.0 = Release|iPhone
		{32499808-18B8-4054-BFB5-27DC01B1BDD5}.Release|iPhone.Deploy.0 = Release|iPhone
		{32499808-18B8-4054-BFB5-27DC01B1BDD5}.Release|iPhoneSimulator.ActiveCfg = Release|iPhoneSimulator
		{32499808-18B8-4054-BFB5-27DC01B1BDD5}.Release|iPhoneSimulator.Build.0 = Release|iPhoneSimulator
		{32499808-18B8-4054-BFB5-27DC01B1BDD5}.Release|iPhoneSimulator.Deploy.0 = Release|iPhoneSimulator
		{FCF7C4FC-E078-4C75-9DC0-1CA49A321B8D}.Debug|Any CPU.ActiveCfg = Debug|Any CPU
		{FCF7C4FC-E078-4C75-9DC0-1CA49A321B8D}.Debug|Any CPU.Build.0 = Debug|Any CPU
		{FCF7C4FC-E078-4C75-9DC0-1CA49A321B8D}.Debug|Any CPU.Deploy.0 = Debug|Any CPU
		{FCF7C4FC-E078-4C75-9DC0-1CA49A321B8D}.Debug|iPhone.ActiveCfg = Debug|Any CPU
		{FCF7C4FC-E078-4C75-9DC0-1CA49A321B8D}.Debug|iPhone.Build.0 = Debug|Any CPU
		{FCF7C4FC-E078-4C75-9DC0-1CA49A321B8D}.Debug|iPhone.Deploy.0 = Debug|Any CPU
		{FCF7C4FC-E078-4C75-9DC0-1CA49A321B8D}.Debug|iPhoneSimulator.ActiveCfg = Debug|Any CPU
		{FCF7C4FC-E078-4C75-9DC0-1CA49A321B8D}.Debug|iPhoneSimulator.Build.0 = Debug|Any CPU
		{FCF7C4FC-E078-4C75-9DC0-1CA49A321B8D}.Debug|iPhoneSimulator.Deploy.0 = Debug|Any CPU
		{FCF7C4FC-E078-4C75-9DC0-1CA49A321B8D}.Release|Any CPU.ActiveCfg = Release|Any CPU
		{FCF7C4FC-E078-4C75-9DC0-1CA49A321B8D}.Release|Any CPU.Build.0 = Release|Any CPU
		{FCF7C4FC-E078-4C75-9DC0-1CA49A321B8D}.Release|Any CPU.Deploy.0 = Release|Any CPU
		{FCF7C4FC-E078-4C75-9DC0-1CA49A321B8D}.Release|iPhone.ActiveCfg = Release|Any CPU
		{FCF7C4FC-E078-4C75-9DC0-1CA49A321B8D}.Release|iPhone.Build.0 = Release|Any CPU
		{FCF7C4FC-E078-4C75-9DC0-1CA49A321B8D}.Release|iPhone.Deploy.0 = Release|Any CPU
		{FCF7C4FC-E078-4C75-9DC0-1CA49A321B8D}.Release|iPhoneSimulator.ActiveCfg = Release|Any CPU
		{FCF7C4FC-E078-4C75-9DC0-1CA49A321B8D}.Release|iPhoneSimulator.Build.0 = Release|Any CPU
		{FCF7C4FC-E078-4C75-9DC0-1CA49A321B8D}.Release|iPhoneSimulator.Deploy.0 = Release|Any CPU
	EndGlobalSection
	GlobalSection(SolutionProperties) = preSolution
		HideSolutionNode = FALSE
	EndGlobalSection
	GlobalSection(ExtensibilityGlobals) = postSolution
		SolutionGuid = {04E4FE7E-69BF-443D-AAC9-116B1F7D27CB}
	EndGlobalSection
EndGlobal
