
Microsoft Visual Studio Solution File, Format Version 12.00
# Visual Studio Version 16
VisualStudioVersion = 16.0.31624.102
MinimumVisualStudioVersion = 10.0.40219.1
Project("{FAE04EC0-301F-11D3-BF4B-00C04F79EFBC}") = "Frutas.UWP", "Frutas\Frutas.UWP\Frutas.UWP.csproj", "{2D31AFB8-7047-4626-9780-48D8686EA29A}"
EndProject
Project("{FAE04EC0-301F-11D3-BF4B-00C04F79EFBC}") = "Frutas.Android", "Frutas\Frutas.Android\Frutas.Android.csproj", "{B8CE92C1-81A9-4EB2-B88B-37179789DD28}"
EndProject
Project("{FAE04EC0-301F-11D3-BF4B-00C04F79EFBC}") = "Frutas.iOS", "Frutas\Frutas.iOS\Frutas.iOS.csproj", "{319E5712-3262-4FA6-BF9B-2DE6EDE5237B}"
EndProject
Project("{FAE04EC0-301F-11D3-BF4B-00C04F79EFBC}") = "Frutas", "Frutas\Frutas\Frutas.csproj", "{A136964D-BC61-43A0-9D6C-8164BE963810}"
EndProject
Global
	GlobalSection(SolutionConfigurationPlatforms) = preSolution
		Debug|Any CPU = Debug|Any CPU
		Debug|ARM = Debug|ARM
		Debug|iPhone = Debug|iPhone
		Debug|iPhoneSimulator = Debug|iPhoneSimulator
		Debug|x64 = Debug|x64
		Debug|x86 = Debug|x86
		Release|Any CPU = Release|Any CPU
		Release|ARM = Release|ARM
		Release|iPhone = Release|iPhone
		Release|iPhoneSimulator = Release|iPhoneSimulator
		Release|x64 = Release|x64
		Release|x86 = Release|x86
	EndGlobalSection
	GlobalSection(ProjectConfigurationPlatforms) = postSolution
		{2D31AFB8-7047-4626-9780-48D8686EA29A}.Debug|Any CPU.ActiveCfg = Debug|x86
		{2D31AFB8-7047-4626-9780-48D8686EA29A}.Debug|Any CPU.Build.0 = Debug|x86
		{2D31AFB8-7047-4626-9780-48D8686EA29A}.Debug|Any CPU.Deploy.0 = Debug|x86
		{2D31AFB8-7047-4626-9780-48D8686EA29A}.Debug|ARM.ActiveCfg = Debug|ARM
		{2D31AFB8-7047-4626-9780-48D8686EA29A}.Debug|ARM.Build.0 = Debug|ARM
		{2D31AFB8-7047-4626-9780-48D8686EA29A}.Debug|ARM.Deploy.0 = Debug|ARM
		{2D31AFB8-7047-4626-9780-48D8686EA29A}.Debug|iPhone.ActiveCfg = Debug|x86
		{2D31AFB8-7047-4626-9780-48D8686EA29A}.Debug|iPhone.Build.0 = Debug|x86
		{2D31AFB8-7047-4626-9780-48D8686EA29A}.Debug|iPhone.Deploy.0 = Debug|x86
		{2D31AFB8-7047-4626-9780-48D8686EA29A}.Debug|iPhoneSimulator.ActiveCfg = Debug|x86
		{2D31AFB8-7047-4626-9780-48D8686EA29A}.Debug|iPhoneSimulator.Build.0 = Debug|x86
		{2D31AFB8-7047-4626-9780-48D8686EA29A}.Debug|iPhoneSimulator.Deploy.0 = Debug|x86
		{2D31AFB8-7047-4626-9780-48D8686EA29A}.Debug|x64.ActiveCfg = Debug|x64
		{2D31AFB8-7047-4626-9780-48D8686EA29A}.Debug|x64.Build.0 = Debug|x64
		{2D31AFB8-7047-4626-9780-48D8686EA29A}.Debug|x64.Deploy.0 = Debug|x64
		{2D31AFB8-7047-4626-9780-48D8686EA29A}.Debug|x86.ActiveCfg = Debug|x86
		{2D31AFB8-7047-4626-9780-48D8686EA29A}.Debug|x86.Build.0 = Debug|x86
		{2D31AFB8-7047-4626-9780-48D8686EA29A}.Debug|x86.Deploy.0 = Debug|x86
		{2D31AFB8-7047-4626-9780-48D8686EA29A}.Release|Any CPU.ActiveCfg = Release|x86
		{2D31AFB8-7047-4626-9780-48D8686EA29A}.Release|Any CPU.Build.0 = Release|x86
		{2D31AFB8-7047-4626-9780-48D8686EA29A}.Release|Any CPU.Deploy.0 = Release|x86
		{2D31AFB8-7047-4626-9780-48D8686EA29A}.Release|ARM.ActiveCfg = Release|ARM
		{2D31AFB8-7047-4626-9780-48D8686EA29A}.Release|ARM.Build.0 = Release|ARM
		{2D31AFB8-7047-4626-9780-48D8686EA29A}.Release|ARM.Deploy.0 = Release|ARM
		{2D31AFB8-7047-4626-9780-48D8686EA29A}.Release|iPhone.ActiveCfg = Release|x86
		{2D31AFB8-7047-4626-9780-48D8686EA29A}.Release|iPhone.Build.0 = Release|x86
		{2D31AFB8-7047-4626-9780-48D8686EA29A}.Release|iPhone.Deploy.0 = Release|x86
		{2D31AFB8-7047-4626-9780-48D8686EA29A}.Release|iPhoneSimulator.ActiveCfg = Release|x86
		{2D31AFB8-7047-4626-9780-48D8686EA29A}.Release|iPhoneSimulator.Build.0 = Release|x86
		{2D31AFB8-7047-4626-9780-48D8686EA29A}.Release|iPhoneSimulator.Deploy.0 = Release|x86
		{2D31AFB8-7047-4626-9780-48D8686EA29A}.Release|x64.ActiveCfg = Release|x64
		{2D31AFB8-7047-4626-9780-48D8686EA29A}.Release|x64.Build.0 = Release|x64
		{2D31AFB8-7047-4626-9780-48D8686EA29A}.Release|x64.Deploy.0 = Release|x64
		{2D31AFB8-7047-4626-9780-48D8686EA29A}.Release|x86.ActiveCfg = Release|x86
		{2D31AFB8-7047-4626-9780-48D8686EA29A}.Release|x86.Build.0 = Release|x86
		{2D31AFB8-7047-4626-9780-48D8686EA29A}.Release|x86.Deploy.0 = Release|x86
		{B8CE92C1-81A9-4EB2-B88B-37179789DD28}.Debug|Any CPU.ActiveCfg = Debug|Any CPU
		{B8CE92C1-81A9-4EB2-B88B-37179789DD28}.Debug|Any CPU.Build.0 = Debug|Any CPU
		{B8CE92C1-81A9-4EB2-B88B-37179789DD28}.Debug|Any CPU.Deploy.0 = Debug|Any CPU
		{B8CE92C1-81A9-4EB2-B88B-37179789DD28}.Debug|ARM.ActiveCfg = Debug|Any CPU
		{B8CE92C1-81A9-4EB2-B88B-37179789DD28}.Debug|ARM.Build.0 = Debug|Any CPU
		{B8CE92C1-81A9-4EB2-B88B-37179789DD28}.Debug|ARM.Deploy.0 = Debug|Any CPU
		{B8CE92C1-81A9-4EB2-B88B-37179789DD28}.Debug|iPhone.ActiveCfg = Debug|Any CPU
		{B8CE92C1-81A9-4EB2-B88B-37179789DD28}.Debug|iPhone.Build.0 = Debug|Any CPU
		{B8CE92C1-81A9-4EB2-B88B-37179789DD28}.Debug|iPhone.Deploy.0 = Debug|Any CPU
		{B8CE92C1-81A9-4EB2-B88B-37179789DD28}.Debug|iPhoneSimulator.ActiveCfg = Debug|Any CPU
		{B8CE92C1-81A9-4EB2-B88B-37179789DD28}.Debug|iPhoneSimulator.Build.0 = Debug|Any CPU
		{B8CE92C1-81A9-4EB2-B88B-37179789DD28}.Debug|iPhoneSimulator.Deploy.0 = Debug|Any CPU
		{B8CE92C1-81A9-4EB2-B88B-37179789DD28}.Debug|x64.ActiveCfg = Debug|Any CPU
		{B8CE92C1-81A9-4EB2-B88B-37179789DD28}.Debug|x64.Build.0 = Debug|Any CPU
		{B8CE92C1-81A9-4EB2-B88B-37179789DD28}.Debug|x64.Deploy.0 = Debug|Any CPU
		{B8CE92C1-81A9-4EB2-B88B-37179789DD28}.Debug|x86.ActiveCfg = Debug|Any CPU
		{B8CE92C1-81A9-4EB2-B88B-37179789DD28}.Debug|x86.Build.0 = Debug|Any CPU
		{B8CE92C1-81A9-4EB2-B88B-37179789DD28}.Debug|x86.Deploy.0 = Debug|Any CPU
		{B8CE92C1-81A9-4EB2-B88B-37179789DD28}.Release|Any CPU.ActiveCfg = Release|Any CPU
		{B8CE92C1-81A9-4EB2-B88B-37179789DD28}.Release|Any CPU.Build.0 = Release|Any CPU
		{B8CE92C1-81A9-4EB2-B88B-37179789DD28}.Release|Any CPU.Deploy.0 = Release|Any CPU
		{B8CE92C1-81A9-4EB2-B88B-37179789DD28}.Release|ARM.ActiveCfg = Release|Any CPU
		{B8CE92C1-81A9-4EB2-B88B-37179789DD28}.Release|ARM.Build.0 = Release|Any CPU
		{B8CE92C1-81A9-4EB2-B88B-37179789DD28}.Release|ARM.Deploy.0 = Release|Any CPU
		{B8CE92C1-81A9-4EB2-B88B-37179789DD28}.Release|iPhone.ActiveCfg = Release|Any CPU
		{B8CE92C1-81A9-4EB2-B88B-37179789DD28}.Release|iPhone.Build.0 = Release|Any CPU
		{B8CE92C1-81A9-4EB2-B88B-37179789DD28}.Release|iPhone.Deploy.0 = Release|Any CPU
		{B8CE92C1-81A9-4EB2-B88B-37179789DD28}.Release|iPhoneSimulator.ActiveCfg = Release|Any CPU
		{B8CE92C1-81A9-4EB2-B88B-37179789DD28}.Release|iPhoneSimulator.Build.0 = Release|Any CPU
		{B8CE92C1-81A9-4EB2-B88B-37179789DD28}.Release|iPhoneSimulator.Deploy.0 = Release|Any CPU
		{B8CE92C1-81A9-4EB2-B88B-37179789DD28}.Release|x64.ActiveCfg = Release|Any CPU
		{B8CE92C1-81A9-4EB2-B88B-37179789DD28}.Release|x64.Build.0 = Release|Any CPU
		{B8CE92C1-81A9-4EB2-B88B-37179789DD28}.Release|x64.Deploy.0 = Release|Any CPU
		{B8CE92C1-81A9-4EB2-B88B-37179789DD28}.Release|x86.ActiveCfg = Release|Any CPU
		{B8CE92C1-81A9-4EB2-B88B-37179789DD28}.Release|x86.Build.0 = Release|Any CPU
		{B8CE92C1-81A9-4EB2-B88B-37179789DD28}.Release|x86.Deploy.0 = Release|Any CPU
		{319E5712-3262-4FA6-BF9B-2DE6EDE5237B}.Debug|Any CPU.ActiveCfg = Debug|iPhoneSimulator
		{319E5712-3262-4FA6-BF9B-2DE6EDE5237B}.Debug|Any CPU.Build.0 = Debug|iPhoneSimulator
		{319E5712-3262-4FA6-BF9B-2DE6EDE5237B}.Debug|Any CPU.Deploy.0 = Debug|iPhoneSimulator
		{319E5712-3262-4FA6-BF9B-2DE6EDE5237B}.Debug|ARM.ActiveCfg = Debug|iPhone
		{319E5712-3262-4FA6-BF9B-2DE6EDE5237B}.Debug|ARM.Build.0 = Debug|iPhone
		{319E5712-3262-4FA6-BF9B-2DE6EDE5237B}.Debug|ARM.Deploy.0 = Debug|iPhone
		{319E5712-3262-4FA6-BF9B-2DE6EDE5237B}.Debug|iPhone.ActiveCfg = Debug|iPhone
		{319E5712-3262-4FA6-BF9B-2DE6EDE5237B}.Debug|iPhone.Build.0 = Debug|iPhone
		{319E5712-3262-4FA6-BF9B-2DE6EDE5237B}.Debug|iPhone.Deploy.0 = Debug|iPhone
		{319E5712-3262-4FA6-BF9B-2DE6EDE5237B}.Debug|iPhoneSimulator.ActiveCfg = Debug|iPhoneSimulator
		{319E5712-3262-4FA6-BF9B-2DE6EDE5237B}.Debug|iPhoneSimulator.Build.0 = Debug|iPhoneSimulator
		{319E5712-3262-4FA6-BF9B-2DE6EDE5237B}.Debug|iPhoneSimulator.Deploy.0 = Debug|iPhoneSimulator
		{319E5712-3262-4FA6-BF9B-2DE6EDE5237B}.Debug|x64.ActiveCfg = Debug|iPhoneSimulator
		{319E5712-3262-4FA6-BF9B-2DE6EDE5237B}.Debug|x64.Build.0 = Debug|iPhoneSimulator
		{319E5712-3262-4FA6-BF9B-2DE6EDE5237B}.Debug|x64.Deploy.0 = Debug|iPhoneSimulator
		{319E5712-3262-4FA6-BF9B-2DE6EDE5237B}.Debug|x86.ActiveCfg = Debug|iPhoneSimulator
		{319E5712-3262-4FA6-BF9B-2DE6EDE5237B}.Debug|x86.Build.0 = Debug|iPhoneSimulator
		{319E5712-3262-4FA6-BF9B-2DE6EDE5237B}.Debug|x86.Deploy.0 = Debug|iPhoneSimulator
		{319E5712-3262-4FA6-BF9B-2DE6EDE5237B}.Release|Any CPU.ActiveCfg = Release|iPhoneSimulator
		{319E5712-3262-4FA6-BF9B-2DE6EDE5237B}.Release|Any CPU.Build.0 = Release|iPhoneSimulator
		{319E5712-3262-4FA6-BF9B-2DE6EDE5237B}.Release|Any CPU.Deploy.0 = Release|iPhoneSimulator
		{319E5712-3262-4FA6-BF9B-2DE6EDE5237B}.Release|ARM.ActiveCfg = Release|iPhoneSimulator
		{319E5712-3262-4FA6-BF9B-2DE6EDE5237B}.Release|ARM.Build.0 = Release|iPhoneSimulator
		{319E5712-3262-4FA6-BF9B-2DE6EDE5237B}.Release|ARM.Deploy.0 = Release|iPhoneSimulator
		{319E5712-3262-4FA6-BF9B-2DE6EDE5237B}.Release|iPhone.ActiveCfg = Release|iPhone
		{319E5712-3262-4FA6-BF9B-2DE6EDE5237B}.Release|iPhone.Build.0 = Release|iPhone
		{319E5712-3262-4FA6-BF9B-2DE6EDE5237B}.Release|iPhone.Deploy.0 = Release|iPhone
		{319E5712-3262-4FA6-BF9B-2DE6EDE5237B}.Release|iPhoneSimulator.ActiveCfg = Release|iPhoneSimulator
		{319E5712-3262-4FA6-BF9B-2DE6EDE5237B}.Release|iPhoneSimulator.Build.0 = Release|iPhoneSimulator
		{319E5712-3262-4FA6-BF9B-2DE6EDE5237B}.Release|iPhoneSimulator.Deploy.0 = Release|iPhoneSimulator
		{319E5712-3262-4FA6-BF9B-2DE6EDE5237B}.Release|x64.ActiveCfg = Release|iPhoneSimulator
		{319E5712-3262-4FA6-BF9B-2DE6EDE5237B}.Release|x64.Build.0 = Release|iPhoneSimulator
		{319E5712-3262-4FA6-BF9B-2DE6EDE5237B}.Release|x64.Deploy.0 = Release|iPhoneSimulator
		{319E5712-3262-4FA6-BF9B-2DE6EDE5237B}.Release|x86.ActiveCfg = Release|iPhoneSimulator
		{319E5712-3262-4FA6-BF9B-2DE6EDE5237B}.Release|x86.Build.0 = Release|iPhoneSimulator
		{319E5712-3262-4FA6-BF9B-2DE6EDE5237B}.Release|x86.Deploy.0 = Release|iPhoneSimulator
		{A136964D-BC61-43A0-9D6C-8164BE963810}.Debug|Any CPU.ActiveCfg = Debug|Any CPU
		{A136964D-BC61-43A0-9D6C-8164BE963810}.Debug|Any CPU.Build.0 = Debug|Any CPU
		{A136964D-BC61-43A0-9D6C-8164BE963810}.Debug|Any CPU.Deploy.0 = Debug|Any CPU
		{A136964D-BC61-43A0-9D6C-8164BE963810}.Debug|ARM.ActiveCfg = Debug|Any CPU
		{A136964D-BC61-43A0-9D6C-8164BE963810}.Debug|ARM.Build.0 = Debug|Any CPU
		{A136964D-BC61-43A0-9D6C-8164BE963810}.Debug|ARM.Deploy.0 = Debug|Any CPU
		{A136964D-BC61-43A0-9D6C-8164BE963810}.Debug|iPhone.ActiveCfg = Debug|Any CPU
		{A136964D-BC61-43A0-9D6C-8164BE963810}.Debug|iPhone.Build.0 = Debug|Any CPU
		{A136964D-BC61-43A0-9D6C-8164BE963810}.Debug|iPhone.Deploy.0 = Debug|Any CPU
		{A136964D-BC61-43A0-9D6C-8164BE963810}.Debug|iPhoneSimulator.ActiveCfg = Debug|Any CPU
		{A136964D-BC61-43A0-9D6C-8164BE963810}.Debug|iPhoneSimulator.Build.0 = Debug|Any CPU
		{A136964D-BC61-43A0-9D6C-8164BE963810}.Debug|iPhoneSimulator.Deploy.0 = Debug|Any CPU
		{A136964D-BC61-43A0-9D6C-8164BE963810}.Debug|x64.ActiveCfg = Debug|Any CPU
		{A136964D-BC61-43A0-9D6C-8164BE963810}.Debug|x64.Build.0 = Debug|Any CPU
		{A136964D-BC61-43A0-9D6C-8164BE963810}.Debug|x64.Deploy.0 = Debug|Any CPU
		{A136964D-BC61-43A0-9D6C-8164BE963810}.Debug|x86.ActiveCfg = Debug|Any CPU
		{A136964D-BC61-43A0-9D6C-8164BE963810}.Debug|x86.Build.0 = Debug|Any CPU
		{A136964D-BC61-43A0-9D6C-8164BE963810}.Debug|x86.Deploy.0 = Debug|Any CPU
		{A136964D-BC61-43A0-9D6C-8164BE963810}.Release|Any CPU.ActiveCfg = Release|Any CPU
		{A136964D-BC61-43A0-9D6C-8164BE963810}.Release|Any CPU.Build.0 = Release|Any CPU
		{A136964D-BC61-43A0-9D6C-8164BE963810}.Release|Any CPU.Deploy.0 = Release|Any CPU
		{A136964D-BC61-43A0-9D6C-8164BE963810}.Release|ARM.ActiveCfg = Release|Any CPU
		{A136964D-BC61-43A0-9D6C-8164BE963810}.Release|ARM.Build.0 = Release|Any CPU
		{A136964D-BC61-43A0-9D6C-8164BE963810}.Release|ARM.Deploy.0 = Release|Any CPU
		{A136964D-BC61-43A0-9D6C-8164BE963810}.Release|iPhone.ActiveCfg = Release|Any CPU
		{A136964D-BC61-43A0-9D6C-8164BE963810}.Release|iPhone.Build.0 = Release|Any CPU
		{A136964D-BC61-43A0-9D6C-8164BE963810}.Release|iPhone.Deploy.0 = Release|Any CPU
		{A136964D-BC61-43A0-9D6C-8164BE963810}.Release|iPhoneSimulator.ActiveCfg = Release|Any CPU
		{A136964D-BC61-43A0-9D6C-8164BE963810}.Release|iPhoneSimulator.Build.0 = Release|Any CPU
		{A136964D-BC61-43A0-9D6C-8164BE963810}.Release|iPhoneSimulator.Deploy.0 = Release|Any CPU
		{A136964D-BC61-43A0-9D6C-8164BE963810}.Release|x64.ActiveCfg = Release|Any CPU
		{A136964D-BC61-43A0-9D6C-8164BE963810}.Release|x64.Build.0 = Release|Any CPU
		{A136964D-BC61-43A0-9D6C-8164BE963810}.Release|x64.Deploy.0 = Release|Any CPU
		{A136964D-BC61-43A0-9D6C-8164BE963810}.Release|x86.ActiveCfg = Release|Any CPU
		{A136964D-BC61-43A0-9D6C-8164BE963810}.Release|x86.Build.0 = Release|Any CPU
		{A136964D-BC61-43A0-9D6C-8164BE963810}.Release|x86.Deploy.0 = Release|Any CPU
	EndGlobalSection
	GlobalSection(SolutionProperties) = preSolution
		HideSolutionNode = FALSE
	EndGlobalSection
	GlobalSection(ExtensibilityGlobals) = postSolution
		SolutionGuid = {5086310C-38F2-43F4-8680-6D7596E0AB54}
	EndGlobalSection
EndGlobal
